<?xml version="1.0" encoding="utf-8"?>
<Project ToolsVersion="4.0" xmlns="http://schemas.microsoft.com/developer/msbuild/2003">
  <ItemGroup>
    <ClCompile Include="GMAIN.cpp" />
    <ClCompile Include="PLAYER1.cpp" />
    <ClCompile Include="TITLE.cpp" />
    <ClCompile Include="BULLET1.cpp" />
    <ClCompile Include="BULLETS1.cpp" />
    <ClCompile Include="GAME.cpp" />
    <ClCompile Include="PLAYER2.cpp" />
    <ClCompile Include="BULLET2.cpp" />
    <ClCompile Include="BULLETS2.cpp" />
    <ClCompile Include="JUDGE.cpp" />
    <ClCompile Include="START.cpp" />
  </ItemGroup>
  <ItemGroup>
    <ClInclude Include="PLAYER1.h" />
    <ClInclude Include="TITLE.h" />
    <ClInclude Include="BULLET1.h" />
    <ClInclude Include="BULLETS1.h" />
    <ClInclude Include="GAME.h" />
    <ClInclude Include="PLAYER2.h" />
    <ClInclude Include="BULLET2.h" />
    <ClInclude Include="BULLETS2.h" />
    <ClInclude Include="JUDGE.h" />
    <ClInclude Include="START.h" />
  </ItemGroup>
  <ItemGroup>
    <ResourceCompile Include="resource.rc" />
  </ItemGroup>
</Project>